
Microsoft Visual Studio Solution File, Format Version 12.00
Project("{FAE04EC0-301F-11D3-BF4B-00C04F79EFBC}") = "GeekAlgorithm", "GeekAlgorithm.csproj", "{BCC0B79A-ECA9-45F2-A2B3-0ADE9022E976}"
EndProject
Global
	GlobalSection(SolutionConfigurationPlatforms) = preSolution
		Debug|Any CPU = Debug|Any CPU
		Release|Any CPU = Release|Any CPU
	EndGlobalSection
	GlobalSection(ProjectConfigurationPlatforms) = postSolution
		{BCC0B79A-ECA9-45F2-A2B3-0ADE9022E976}.Debug|Any CPU.ActiveCfg = Debug|Any CPU
		{BCC0B79A-ECA9-45F2-A2B3-0ADE9022E976}.Debug|Any CPU.Build.0 = Debug|Any CPU
		{BCC0B79A-ECA9-45F2-A2B3-0ADE9022E976}.Release|Any CPU.ActiveCfg = Release|Any CPU
		{BCC0B79A-ECA9-45F2-A2B3-0ADE9022E976}.Release|Any CPU.Build.0 = Release|Any CPU
	EndGlobalSection
EndGlobal
