
Microsoft Visual Studio Solution File, Format Version 12.00
Project("{FAE04EC0-301F-11D3-BF4B-00C04F79EFBC}") = "lesson6", "lesson6.csproj", "{F55B0486-190C-4D39-B343-09D9EC7B3D79}"
EndProject
Global
	GlobalSection(SolutionConfigurationPlatforms) = preSolution
		Debug|Any CPU = Debug|Any CPU
		Release|Any CPU = Release|Any CPU
	EndGlobalSection
	GlobalSection(ProjectConfigurationPlatforms) = postSolution
		{F55B0486-190C-4D39-B343-09D9EC7B3D79}.Debug|Any CPU.ActiveCfg = Debug|Any CPU
		{F55B0486-190C-4D39-B343-09D9EC7B3D79}.Debug|Any CPU.Build.0 = Debug|Any CPU
		{F55B0486-190C-4D39-B343-09D9EC7B3D79}.Release|Any CPU.ActiveCfg = Release|Any CPU
		{F55B0486-190C-4D39-B343-09D9EC7B3D79}.Release|Any CPU.Build.0 = Release|Any CPU
	EndGlobalSection
EndGlobal
